
Microsoft Visual Studio Solution File, Format Version 12.00
# Visual Studio Version 16
VisualStudioVersion = 16.0.29609.76
MinimumVisualStudioVersion = 10.0.40219.1
Project("{2150E333-8FDC-42A3-9474-1A3956D46DE8}") = "Services", "Services", "{32724CF3-63B4-4E8C-99CC-92AFF44375D1}"
EndProject
Project("{2150E333-8FDC-42A3-9474-1A3956D46DE8}") = "UI", "UI", "{BCECDF2F-2A6A-4C69-94C4-E5380D91AAC1}"
EndProject
Project("{2150E333-8FDC-42A3-9474-1A3956D46DE8}") = "Workers", "Workers", "{4FA74226-CB1C-4B4E-B0E9-EAB93DEF7A56}"
EndProject
Project("{9A19103F-16F7-4668-BE54-9A1E7A4F7556}") = "VendingMachine.Web", "VendingMachine.Web\VendingMachine.Web.csproj", "{82A7FA09-B73E-46DC-BC45-3BA85EB25131}"
EndProject
Project("{9A19103F-16F7-4668-BE54-9A1E7A4F7556}") = "VendingMachine.Service.Orders", "VendingMachine.Service.Orders\VendingMachine.Service.Orders.csproj", "{26E57761-78B1-4FFA-AE8D-F3BAFE2DA82B}"
EndProject
Project("{9A19103F-16F7-4668-BE54-9A1E7A4F7556}") = "VendingMachine.Service.Machines", "VendingMachine.Service.Machines\VendingMachine.Service.Machines.csproj", "{696228E1-FCA7-48F8-844E-E784B6ED1FCC}"
EndProject
Project("{9A19103F-16F7-4668-BE54-9A1E7A4F7556}") = "VendingMachine.Workers.ImporterProducts", "VendingMachine.Workers.ImporterProducts\VendingMachine.Workers.ImporterProducts.csproj", "{75B04708-A777-4675-8D5C-A382DD5116F3}"
EndProject
Project("{9A19103F-16F7-4668-BE54-9A1E7A4F7556}") = "VendingMachine.Service.Products", "VendingMachine.Service.Products\VendingMachine.Service.Products.csproj", "{13C9AE1A-9CED-4D68-BE61-8B9506DC0DE3}"
EndProject
Project("{2150E333-8FDC-42A3-9474-1A3956D46DE8}") = "Machines", "Machines", "{F5DE7CB2-ADE5-48D0-98FF-666A737A97D0}"
EndProject
Project("{2150E333-8FDC-42A3-9474-1A3956D46DE8}") = "Orders", "Orders", "{667DDF2E-29CC-4739-9AC2-ED615C29BB09}"
EndProject
Project("{2150E333-8FDC-42A3-9474-1A3956D46DE8}") = "Products", "Products", "{C52DE3C7-3138-4914-B924-F4790D38E2CA}"
EndProject
Project("{9A19103F-16F7-4668-BE54-9A1E7A4F7556}") = "VendingMachine.Service.Machines.Domain", "VendingMachine.Service.Machines.Domain\VendingMachine.Service.Machines.Domain.csproj", "{D0819D19-41A8-453D-A705-0947044D8F8A}"
EndProject
Project("{2150E333-8FDC-42A3-9474-1A3956D46DE8}") = "Shared", "Shared", "{4F7177FF-EE3C-483B-B655-AFFDCAEC6292}"
EndProject
Project("{9A19103F-16F7-4668-BE54-9A1E7A4F7556}") = "VendingMachine.Service.Shared.Domain", "VendingMachine.Services.Shared.Domain\VendingMachine.Service.Shared.Domain.csproj", "{116955F8-9EBD-4B3B-BAE9-E713A6AB220E}"
EndProject
Project("{9A19103F-16F7-4668-BE54-9A1E7A4F7556}") = "VendingMachine.Service.Machines.Data", "VendingMachine.Service.Machines.Data\VendingMachine.Service.Machines.Data.csproj", "{C9A9B8B9-FEC9-4463-A443-804F4EC8D4B7}"
EndProject
Project("{2150E333-8FDC-42A3-9474-1A3956D46DE8}") = "Tests", "Tests", "{C57CAA7D-56EC-466E-A333-969CB4A43432}"
EndProject
Project("{2150E333-8FDC-42A3-9474-1A3956D46DE8}") = "Guide", "Guide", "{68C5F2E7-B32F-40DB-8052-5C97B1A83EEE}"
	ProjectSection(SolutionItems) = preProject
		..\..\README.md = ..\..\README.md
	EndProjectSection
EndProject
Project("{9A19103F-16F7-4668-BE54-9A1E7A4F7556}") = "VendingMachine.Service.Machines.Infrastructure", "VendingMachine.Service.Machines.Infrastructure\VendingMachine.Service.Machines.Infrastructure.csproj", "{AB3C8B61-E448-4F29-BC19-79B550007F67}"
EndProject
Project("{9A19103F-16F7-4668-BE54-9A1E7A4F7556}") = "VendingMachine.Service.Machines.Read", "VendingMachine.Service.Machines.Read\VendingMachine.Service.Machines.Read.csproj", "{2ADEBB98-160F-48D4-A3CB-CA131032FD88}"
EndProject
Project("{9A19103F-16F7-4668-BE54-9A1E7A4F7556}") = "VendingMachine.Service.Shared.Read", "VendingMachine.Service.Shared.Read\VendingMachine.Service.Shared.Read.csproj", "{B178034B-AB58-4D81-93AB-3422618A87D8}"
EndProject
Project("{9A19103F-16F7-4668-BE54-9A1E7A4F7556}") = "VendingMachine.Service.Machines.Application", "VendingMachine.Service.Machines.Application\VendingMachine.Service.Machines.Application.csproj", "{C66EA2E5-D7B7-4C0A-A37A-FA2833741B37}"
EndProject
Project("{9A19103F-16F7-4668-BE54-9A1E7A4F7556}") = "VendingMachine.Service.Shared.Exceptions", "VendingMachine.Service.Shared.Exceptions\VendingMachine.Service.Shared.Exceptions.csproj", "{AAD4AF30-F0C7-4A91-8A73-D76801248586}"
EndProject
Project("{2150E333-8FDC-42A3-9474-1A3956D46DE8}") = "Authentications", "Authentications", "{911E680F-FD0E-46E3-8F92-2EFD6BF5A55C}"
EndProject
Project("{FAE04EC0-301F-11D3-BF4B-00C04F79EFBC}") = "VendingMachine.Service.Authentications.API", "VendingMachine.Service.Authentications.API\VendingMachine.Service.Authentications.API.csproj", "{0FCD5A77-9E0F-473C-ABD2-8E49987D2926}"
EndProject
Global
	GlobalSection(SolutionConfigurationPlatforms) = preSolution
		Debug|Any CPU = Debug|Any CPU
		Release|Any CPU = Release|Any CPU
	EndGlobalSection
	GlobalSection(ProjectConfigurationPlatforms) = postSolution
		{82A7FA09-B73E-46DC-BC45-3BA85EB25131}.Debug|Any CPU.ActiveCfg = Debug|Any CPU
		{82A7FA09-B73E-46DC-BC45-3BA85EB25131}.Debug|Any CPU.Build.0 = Debug|Any CPU
		{82A7FA09-B73E-46DC-BC45-3BA85EB25131}.Release|Any CPU.ActiveCfg = Release|Any CPU
		{82A7FA09-B73E-46DC-BC45-3BA85EB25131}.Release|Any CPU.Build.0 = Release|Any CPU
		{26E57761-78B1-4FFA-AE8D-F3BAFE2DA82B}.Debug|Any CPU.ActiveCfg = Debug|Any CPU
		{26E57761-78B1-4FFA-AE8D-F3BAFE2DA82B}.Debug|Any CPU.Build.0 = Debug|Any CPU
		{26E57761-78B1-4FFA-AE8D-F3BAFE2DA82B}.Release|Any CPU.ActiveCfg = Release|Any CPU
		{26E57761-78B1-4FFA-AE8D-F3BAFE2DA82B}.Release|Any CPU.Build.0 = Release|Any CPU
		{696228E1-FCA7-48F8-844E-E784B6ED1FCC}.Debug|Any CPU.ActiveCfg = Debug|Any CPU
		{696228E1-FCA7-48F8-844E-E784B6ED1FCC}.Debug|Any CPU.Build.0 = Debug|Any CPU
		{696228E1-FCA7-48F8-844E-E784B6ED1FCC}.Release|Any CPU.ActiveCfg = Release|Any CPU
		{696228E1-FCA7-48F8-844E-E784B6ED1FCC}.Release|Any CPU.Build.0 = Release|Any CPU
		{75B04708-A777-4675-8D5C-A382DD5116F3}.Debug|Any CPU.ActiveCfg = Debug|Any CPU
		{75B04708-A777-4675-8D5C-A382DD5116F3}.Debug|Any CPU.Build.0 = Debug|Any CPU
		{75B04708-A777-4675-8D5C-A382DD5116F3}.Release|Any CPU.ActiveCfg = Release|Any CPU
		{75B04708-A777-4675-8D5C-A382DD5116F3}.Release|Any CPU.Build.0 = Release|Any CPU
		{13C9AE1A-9CED-4D68-BE61-8B9506DC0DE3}.Debug|Any CPU.ActiveCfg = Debug|Any CPU
		{13C9AE1A-9CED-4D68-BE61-8B9506DC0DE3}.Debug|Any CPU.Build.0 = Debug|Any CPU
		{13C9AE1A-9CED-4D68-BE61-8B9506DC0DE3}.Release|Any CPU.ActiveCfg = Release|Any CPU
		{13C9AE1A-9CED-4D68-BE61-8B9506DC0DE3}.Release|Any CPU.Build.0 = Release|Any CPU
		{D0819D19-41A8-453D-A705-0947044D8F8A}.Debug|Any CPU.ActiveCfg = Debug|Any CPU
		{D0819D19-41A8-453D-A705-0947044D8F8A}.Debug|Any CPU.Build.0 = Debug|Any CPU
		{D0819D19-41A8-453D-A705-0947044D8F8A}.Release|Any CPU.ActiveCfg = Release|Any CPU
		{D0819D19-41A8-453D-A705-0947044D8F8A}.Release|Any CPU.Build.0 = Release|Any CPU
		{116955F8-9EBD-4B3B-BAE9-E713A6AB220E}.Debug|Any CPU.ActiveCfg = Debug|Any CPU
		{116955F8-9EBD-4B3B-BAE9-E713A6AB220E}.Debug|Any CPU.Build.0 = Debug|Any CPU
		{116955F8-9EBD-4B3B-BAE9-E713A6AB220E}.Release|Any CPU.ActiveCfg = Release|Any CPU
		{116955F8-9EBD-4B3B-BAE9-E713A6AB220E}.Release|Any CPU.Build.0 = Release|Any CPU
		{C9A9B8B9-FEC9-4463-A443-804F4EC8D4B7}.Debug|Any CPU.ActiveCfg = Debug|Any CPU
		{C9A9B8B9-FEC9-4463-A443-804F4EC8D4B7}.Debug|Any CPU.Build.0 = Debug|Any CPU
		{C9A9B8B9-FEC9-4463-A443-804F4EC8D4B7}.Release|Any CPU.ActiveCfg = Release|Any CPU
		{C9A9B8B9-FEC9-4463-A443-804F4EC8D4B7}.Release|Any CPU.Build.0 = Release|Any CPU
		{AB3C8B61-E448-4F29-BC19-79B550007F67}.Debug|Any CPU.ActiveCfg = Debug|Any CPU
		{AB3C8B61-E448-4F29-BC19-79B550007F67}.Debug|Any CPU.Build.0 = Debug|Any CPU
		{AB3C8B61-E448-4F29-BC19-79B550007F67}.Release|Any CPU.ActiveCfg = Release|Any CPU
		{AB3C8B61-E448-4F29-BC19-79B550007F67}.Release|Any CPU.Build.0 = Release|Any CPU
		{2ADEBB98-160F-48D4-A3CB-CA131032FD88}.Debug|Any CPU.ActiveCfg = Debug|Any CPU
		{2ADEBB98-160F-48D4-A3CB-CA131032FD88}.Debug|Any CPU.Build.0 = Debug|Any CPU
		{2ADEBB98-160F-48D4-A3CB-CA131032FD88}.Release|Any CPU.ActiveCfg = Release|Any CPU
		{2ADEBB98-160F-48D4-A3CB-CA131032FD88}.Release|Any CPU.Build.0 = Release|Any CPU
		{B178034B-AB58-4D81-93AB-3422618A87D8}.Debug|Any CPU.ActiveCfg = Debug|Any CPU
		{B178034B-AB58-4D81-93AB-3422618A87D8}.Debug|Any CPU.Build.0 = Debug|Any CPU
		{B178034B-AB58-4D81-93AB-3422618A87D8}.Release|Any CPU.ActiveCfg = Release|Any CPU
		{B178034B-AB58-4D81-93AB-3422618A87D8}.Release|Any CPU.Build.0 = Release|Any CPU
		{C66EA2E5-D7B7-4C0A-A37A-FA2833741B37}.Debug|Any CPU.ActiveCfg = Debug|Any CPU
		{C66EA2E5-D7B7-4C0A-A37A-FA2833741B37}.Debug|Any CPU.Build.0 = Debug|Any CPU
		{C66EA2E5-D7B7-4C0A-A37A-FA2833741B37}.Release|Any CPU.ActiveCfg = Release|Any CPU
		{C66EA2E5-D7B7-4C0A-A37A-FA2833741B37}.Release|Any CPU.Build.0 = Release|Any CPU
		{AAD4AF30-F0C7-4A91-8A73-D76801248586}.Debug|Any CPU.ActiveCfg = Debug|Any CPU
		{AAD4AF30-F0C7-4A91-8A73-D76801248586}.Debug|Any CPU.Build.0 = Debug|Any CPU
		{AAD4AF30-F0C7-4A91-8A73-D76801248586}.Release|Any CPU.ActiveCfg = Release|Any CPU
		{AAD4AF30-F0C7-4A91-8A73-D76801248586}.Release|Any CPU.Build.0 = Release|Any CPU
		{0FCD5A77-9E0F-473C-ABD2-8E49987D2926}.Debug|Any CPU.ActiveCfg = Debug|Any CPU
		{0FCD5A77-9E0F-473C-ABD2-8E49987D2926}.Debug|Any CPU.Build.0 = Debug|Any CPU
		{0FCD5A77-9E0F-473C-ABD2-8E49987D2926}.Release|Any CPU.ActiveCfg = Release|Any CPU
		{0FCD5A77-9E0F-473C-ABD2-8E49987D2926}.Release|Any CPU.Build.0 = Release|Any CPU
	EndGlobalSection
	GlobalSection(SolutionProperties) = preSolution
		HideSolutionNode = FALSE
	EndGlobalSection
	GlobalSection(NestedProjects) = preSolution
		{82A7FA09-B73E-46DC-BC45-3BA85EB25131} = {BCECDF2F-2A6A-4C69-94C4-E5380D91AAC1}
		{26E57761-78B1-4FFA-AE8D-F3BAFE2DA82B} = {667DDF2E-29CC-4739-9AC2-ED615C29BB09}
		{696228E1-FCA7-48F8-844E-E784B6ED1FCC} = {F5DE7CB2-ADE5-48D0-98FF-666A737A97D0}
		{75B04708-A777-4675-8D5C-A382DD5116F3} = {4FA74226-CB1C-4B4E-B0E9-EAB93DEF7A56}
		{13C9AE1A-9CED-4D68-BE61-8B9506DC0DE3} = {C52DE3C7-3138-4914-B924-F4790D38E2CA}
		{F5DE7CB2-ADE5-48D0-98FF-666A737A97D0} = {32724CF3-63B4-4E8C-99CC-92AFF44375D1}
		{667DDF2E-29CC-4739-9AC2-ED615C29BB09} = {32724CF3-63B4-4E8C-99CC-92AFF44375D1}
		{C52DE3C7-3138-4914-B924-F4790D38E2CA} = {32724CF3-63B4-4E8C-99CC-92AFF44375D1}
		{D0819D19-41A8-453D-A705-0947044D8F8A} = {F5DE7CB2-ADE5-48D0-98FF-666A737A97D0}
		{4F7177FF-EE3C-483B-B655-AFFDCAEC6292} = {32724CF3-63B4-4E8C-99CC-92AFF44375D1}
		{116955F8-9EBD-4B3B-BAE9-E713A6AB220E} = {4F7177FF-EE3C-483B-B655-AFFDCAEC6292}
		{C9A9B8B9-FEC9-4463-A443-804F4EC8D4B7} = {F5DE7CB2-ADE5-48D0-98FF-666A737A97D0}
		{C57CAA7D-56EC-466E-A333-969CB4A43432} = {F5DE7CB2-ADE5-48D0-98FF-666A737A97D0}
		{AB3C8B61-E448-4F29-BC19-79B550007F67} = {F5DE7CB2-ADE5-48D0-98FF-666A737A97D0}
		{2ADEBB98-160F-48D4-A3CB-CA131032FD88} = {F5DE7CB2-ADE5-48D0-98FF-666A737A97D0}
		{B178034B-AB58-4D81-93AB-3422618A87D8} = {4F7177FF-EE3C-483B-B655-AFFDCAEC6292}
		{C66EA2E5-D7B7-4C0A-A37A-FA2833741B37} = {F5DE7CB2-ADE5-48D0-98FF-666A737A97D0}
		{AAD4AF30-F0C7-4A91-8A73-D76801248586} = {4F7177FF-EE3C-483B-B655-AFFDCAEC6292}
		{911E680F-FD0E-46E3-8F92-2EFD6BF5A55C} = {32724CF3-63B4-4E8C-99CC-92AFF44375D1}
		{0FCD5A77-9E0F-473C-ABD2-8E49987D2926} = {911E680F-FD0E-46E3-8F92-2EFD6BF5A55C}
	EndGlobalSection
	GlobalSection(ExtensibilityGlobals) = postSolution
		SolutionGuid = {9ADC90EA-FE43-44D6-80C3-1C77D0C57675}
	EndGlobalSection
EndGlobal
