
Microsoft Visual Studio Solution File, Format Version 12.00
# Visual Studio Version 16
VisualStudioVersion = 16.0.29609.76
MinimumVisualStudioVersion = 10.0.40219.1
Project("{2150E333-8FDC-42A3-9474-1A3956D46DE8}") = "Services", "Services", "{32724CF3-63B4-4E8C-99CC-92AFF44375D1}"
EndProject
Project("{2150E333-8FDC-42A3-9474-1A3956D46DE8}") = "UI", "UI", "{BCECDF2F-2A6A-4C69-94C4-E5380D91AAC1}"
EndProject
Project("{2150E333-8FDC-42A3-9474-1A3956D46DE8}") = "Workers", "Workers", "{4FA74226-CB1C-4B4E-B0E9-EAB93DEF7A56}"
EndProject
Project("{9A19103F-16F7-4668-BE54-9A1E7A4F7556}") = "VendingMachine.Web", "VendingMachine.Web\VendingMachine.Web.csproj", "{82A7FA09-B73E-46DC-BC45-3BA85EB25131}"
EndProject
Project("{9A19103F-16F7-4668-BE54-9A1E7A4F7556}") = "VendingMachine.Service.Orders", "VendingMachine.Service.Orders\VendingMachine.Service.Orders.csproj", "{26E57761-78B1-4FFA-AE8D-F3BAFE2DA82B}"
EndProject
Project("{9A19103F-16F7-4668-BE54-9A1E7A4F7556}") = "VendingMachine.Service.Machines", "VendingMachine.Service.Machines\VendingMachine.Service.Machines.csproj", "{696228E1-FCA7-48F8-844E-E784B6ED1FCC}"
EndProject
Project("{9A19103F-16F7-4668-BE54-9A1E7A4F7556}") = "VendingMachine.Service.Users", "VendingMachine.Service.Users\VendingMachine.Service.Users.csproj", "{A778E805-35A6-4323-9AF5-321D06E73D08}"
EndProject
Project("{9A19103F-16F7-4668-BE54-9A1E7A4F7556}") = "VendingMachine.Workers.ImporterProducts", "VendingMachine.Workers.ImporterProducts\VendingMachine.Workers.ImporterProducts.csproj", "{75B04708-A777-4675-8D5C-A382DD5116F3}"
EndProject
Project("{9A19103F-16F7-4668-BE54-9A1E7A4F7556}") = "VendingMachine.Service.Products", "VendingMachine.Service.Products\VendingMachine.Service.Products.csproj", "{13C9AE1A-9CED-4D68-BE61-8B9506DC0DE3}"
EndProject
Project("{2150E333-8FDC-42A3-9474-1A3956D46DE8}") = "Machines", "Machines", "{F5DE7CB2-ADE5-48D0-98FF-666A737A97D0}"
EndProject
Project("{2150E333-8FDC-42A3-9474-1A3956D46DE8}") = "Orders", "Orders", "{667DDF2E-29CC-4739-9AC2-ED615C29BB09}"
EndProject
Project("{2150E333-8FDC-42A3-9474-1A3956D46DE8}") = "Products", "Products", "{C52DE3C7-3138-4914-B924-F4790D38E2CA}"
EndProject
Project("{2150E333-8FDC-42A3-9474-1A3956D46DE8}") = "Users", "Users", "{BACA267E-DA92-482C-9090-7F492E84BBD8}"
EndProject
Global
	GlobalSection(SolutionConfigurationPlatforms) = preSolution
		Debug|Any CPU = Debug|Any CPU
		Release|Any CPU = Release|Any CPU
	EndGlobalSection
	GlobalSection(ProjectConfigurationPlatforms) = postSolution
		{82A7FA09-B73E-46DC-BC45-3BA85EB25131}.Debug|Any CPU.ActiveCfg = Debug|Any CPU
		{82A7FA09-B73E-46DC-BC45-3BA85EB25131}.Debug|Any CPU.Build.0 = Debug|Any CPU
		{82A7FA09-B73E-46DC-BC45-3BA85EB25131}.Release|Any CPU.ActiveCfg = Release|Any CPU
		{82A7FA09-B73E-46DC-BC45-3BA85EB25131}.Release|Any CPU.Build.0 = Release|Any CPU
		{26E57761-78B1-4FFA-AE8D-F3BAFE2DA82B}.Debug|Any CPU.ActiveCfg = Debug|Any CPU
		{26E57761-78B1-4FFA-AE8D-F3BAFE2DA82B}.Debug|Any CPU.Build.0 = Debug|Any CPU
		{26E57761-78B1-4FFA-AE8D-F3BAFE2DA82B}.Release|Any CPU.ActiveCfg = Release|Any CPU
		{26E57761-78B1-4FFA-AE8D-F3BAFE2DA82B}.Release|Any CPU.Build.0 = Release|Any CPU
		{696228E1-FCA7-48F8-844E-E784B6ED1FCC}.Debug|Any CPU.ActiveCfg = Debug|Any CPU
		{696228E1-FCA7-48F8-844E-E784B6ED1FCC}.Debug|Any CPU.Build.0 = Debug|Any CPU
		{696228E1-FCA7-48F8-844E-E784B6ED1FCC}.Release|Any CPU.ActiveCfg = Release|Any CPU
		{696228E1-FCA7-48F8-844E-E784B6ED1FCC}.Release|Any CPU.Build.0 = Release|Any CPU
		{A778E805-35A6-4323-9AF5-321D06E73D08}.Debug|Any CPU.ActiveCfg = Debug|Any CPU
		{A778E805-35A6-4323-9AF5-321D06E73D08}.Debug|Any CPU.Build.0 = Debug|Any CPU
		{A778E805-35A6-4323-9AF5-321D06E73D08}.Release|Any CPU.ActiveCfg = Release|Any CPU
		{A778E805-35A6-4323-9AF5-321D06E73D08}.Release|Any CPU.Build.0 = Release|Any CPU
		{75B04708-A777-4675-8D5C-A382DD5116F3}.Debug|Any CPU.ActiveCfg = Debug|Any CPU
		{75B04708-A777-4675-8D5C-A382DD5116F3}.Debug|Any CPU.Build.0 = Debug|Any CPU
		{75B04708-A777-4675-8D5C-A382DD5116F3}.Release|Any CPU.ActiveCfg = Release|Any CPU
		{75B04708-A777-4675-8D5C-A382DD5116F3}.Release|Any CPU.Build.0 = Release|Any CPU
		{13C9AE1A-9CED-4D68-BE61-8B9506DC0DE3}.Debug|Any CPU.ActiveCfg = Debug|Any CPU
		{13C9AE1A-9CED-4D68-BE61-8B9506DC0DE3}.Debug|Any CPU.Build.0 = Debug|Any CPU
		{13C9AE1A-9CED-4D68-BE61-8B9506DC0DE3}.Release|Any CPU.ActiveCfg = Release|Any CPU
		{13C9AE1A-9CED-4D68-BE61-8B9506DC0DE3}.Release|Any CPU.Build.0 = Release|Any CPU
	EndGlobalSection
	GlobalSection(SolutionProperties) = preSolution
		HideSolutionNode = FALSE
	EndGlobalSection
	GlobalSection(NestedProjects) = preSolution
		{82A7FA09-B73E-46DC-BC45-3BA85EB25131} = {BCECDF2F-2A6A-4C69-94C4-E5380D91AAC1}
		{26E57761-78B1-4FFA-AE8D-F3BAFE2DA82B} = {667DDF2E-29CC-4739-9AC2-ED615C29BB09}
		{696228E1-FCA7-48F8-844E-E784B6ED1FCC} = {F5DE7CB2-ADE5-48D0-98FF-666A737A97D0}
		{A778E805-35A6-4323-9AF5-321D06E73D08} = {BACA267E-DA92-482C-9090-7F492E84BBD8}
		{75B04708-A777-4675-8D5C-A382DD5116F3} = {4FA74226-CB1C-4B4E-B0E9-EAB93DEF7A56}
		{13C9AE1A-9CED-4D68-BE61-8B9506DC0DE3} = {C52DE3C7-3138-4914-B924-F4790D38E2CA}
		{F5DE7CB2-ADE5-48D0-98FF-666A737A97D0} = {32724CF3-63B4-4E8C-99CC-92AFF44375D1}
		{667DDF2E-29CC-4739-9AC2-ED615C29BB09} = {32724CF3-63B4-4E8C-99CC-92AFF44375D1}
		{C52DE3C7-3138-4914-B924-F4790D38E2CA} = {32724CF3-63B4-4E8C-99CC-92AFF44375D1}
		{BACA267E-DA92-482C-9090-7F492E84BBD8} = {32724CF3-63B4-4E8C-99CC-92AFF44375D1}
	EndGlobalSection
	GlobalSection(ExtensibilityGlobals) = postSolution
		SolutionGuid = {9ADC90EA-FE43-44D6-80C3-1C77D0C57675}
	EndGlobalSection
EndGlobal
